// !$*UTF8*$!
{
	archiveVersion = 1;
	classes = {
	};
	objectVersion = 51;
	objects = {

/* Begin PBXBuildFile section */
		4AF1F95125A3187900C15752 /* Pods_demo.framework in Frameworks */ = {isa = PBXBuildFile; fileRef = 1CC442FBD2956291FA4851DB /* Pods_demo.framework */; };
		4AF1F95225A3187900C15752 /* Pods_demo.framework in Embed Frameworks */ = {isa = PBXBuildFile; fileRef = 1CC442FBD2956291FA4851DB /* Pods_demo.framework */; settings = {ATTRIBUTES = (CodeSignOnCopy, RemoveHeadersOnCopy, ); }; };
		8A35DB35236BFD1600C6C86B /* 1.mp3 in Resources */ = {isa = PBXBuildFile; fileRef = 8A35DB32236BFD1400C6C86B /* 1.mp3 */; };
		8A390ECB237505B100B2B168 /* 3.mp3 in Resources */ = {isa = PBXBuildFile; fileRef = 8A390EC8237505B000B2B168 /* 3.mp3 */; };
		8A390ECC237505B100B2B168 /* 2.mp3 in Resources */ = {isa = PBXBuildFile; fileRef = 8A390ECA237505B100B2B168 /* 2.mp3 */; };
		8A9FFD122344AC5D0090584B /* AppDelegate.m in Sources */ = {isa = PBXBuildFile; fileRef = 8A9FFD112344AC5D0090584B /* AppDelegate.m */; };
		8A9FFD152344AC5D0090584B /* ViewController.m in Sources */ = {isa = PBXBuildFile; fileRef = 8A9FFD142344AC5D0090584B /* ViewController.m */; };
		8A9FFD182344AC5D0090584B /* Main.storyboard in Resources */ = {isa = PBXBuildFile; fileRef = 8A9FFD162344AC5D0090584B /* Main.storyboard */; };
		8A9FFD1D2344AC620090584B /* LaunchScreen.storyboard in Resources */ = {isa = PBXBuildFile; fileRef = 8A9FFD1B2344AC620090584B /* LaunchScreen.storyboard */; };
		8A9FFD202344AC620090584B /* main.m in Sources */ = {isa = PBXBuildFile; fileRef = 8A9FFD1F2344AC620090584B /* main.m */; };
/* End PBXBuildFile section */

/* Begin PBXContainerItemProxy section */
		8A9FFD2A2344AC760090584B /* PBXContainerItemProxy */ = {
			isa = PBXContainerItemProxy;
			containerPortal = 8A9FFD262344AC750090584B /* IRMusicPlayer.xcodeproj */;
			proxyType = 2;
			remoteGlobalIDString = 8A9FFCF92344ABEB0090584B;
			remoteInfo = IRMusicPlayer;
		};
/* End PBXContainerItemProxy section */

/* Begin PBXCopyFilesBuildPhase section */
		4AF1F95325A3187900C15752 /* Embed Frameworks */ = {
			isa = PBXCopyFilesBuildPhase;
			buildActionMask = 2147483647;
			dstPath = "";
			dstSubfolderSpec = 10;
			files = (
				4AF1F95225A3187900C15752 /* Pods_demo.framework in Embed Frameworks */,
			);
			name = "Embed Frameworks";
			runOnlyForDeploymentPostprocessing = 0;
		};
/* End PBXCopyFilesBuildPhase section */

/* Begin PBXFileReference section */
		1CC442FBD2956291FA4851DB /* Pods_demo.framework */ = {isa = PBXFileReference; explicitFileType = wrapper.framework; includeInIndex = 0; path = Pods_demo.framework; sourceTree = BUILT_PRODUCTS_DIR; };
		49B4CBC97530C9EEE83EAC18 /* Pods-demo.debug.xcconfig */ = {isa = PBXFileReference; includeInIndex = 1; lastKnownFileType = text.xcconfig; name = "Pods-demo.debug.xcconfig"; path = "Target Support Files/Pods-demo/Pods-demo.debug.xcconfig"; sourceTree = "<group>"; };
		4A51E1E225A3110500664B49 /* IRMusicPlayer.framework */ = {isa = PBXFileReference; explicitFileType = wrapper.framework; path = IRMusicPlayer.framework; sourceTree = BUILT_PRODUCTS_DIR; };
		4A51E1E625A3111A00664B49 /* IRMusicPlayer.framework */ = {isa = PBXFileReference; explicitFileType = wrapper.framework; path = IRMusicPlayer.framework; sourceTree = BUILT_PRODUCTS_DIR; };
		4BA377962EF479F5852CA542 /* Pods-demo.release.xcconfig */ = {isa = PBXFileReference; includeInIndex = 1; lastKnownFileType = text.xcconfig; name = "Pods-demo.release.xcconfig"; path = "Target Support Files/Pods-demo/Pods-demo.release.xcconfig"; sourceTree = "<group>"; };
		8A35DB32236BFD1400C6C86B /* 1.mp3 */ = {isa = PBXFileReference; lastKnownFileType = audio.mp3; path = 1.mp3; sourceTree = "<group>"; };
		8A390EC8237505B000B2B168 /* 3.mp3 */ = {isa = PBXFileReference; lastKnownFileType = audio.mp3; path = 3.mp3; sourceTree = "<group>"; };
		8A390ECA237505B100B2B168 /* 2.mp3 */ = {isa = PBXFileReference; lastKnownFileType = audio.mp3; path = 2.mp3; sourceTree = "<group>"; };
		8A9FFD0D2344AC5D0090584B /* demo.app */ = {isa = PBXFileReference; explicitFileType = wrapper.application; includeInIndex = 0; path = demo.app; sourceTree = BUILT_PRODUCTS_DIR; };
		8A9FFD102344AC5D0090584B /* AppDelegate.h */ = {isa = PBXFileReference; lastKnownFileType = sourcecode.c.h; path = AppDelegate.h; sourceTree = "<group>"; };
		8A9FFD112344AC5D0090584B /* AppDelegate.m */ = {isa = PBXFileReference; lastKnownFileType = sourcecode.c.objc; path = AppDelegate.m; sourceTree = "<group>"; };
		8A9FFD132344AC5D0090584B /* ViewController.h */ = {isa = PBXFileReference; lastKnownFileType = sourcecode.c.h; path = ViewController.h; sourceTree = "<group>"; };
		8A9FFD142344AC5D0090584B /* ViewController.m */ = {isa = PBXFileReference; lastKnownFileType = sourcecode.c.objc; path = ViewController.m; sourceTree = "<group>"; };
		8A9FFD172344AC5D0090584B /* Base */ = {isa = PBXFileReference; lastKnownFileType = file.storyboard; name = Base; path = Base.lproj/Main.storyboard; sourceTree = "<group>"; };
		8A9FFD1C2344AC620090584B /* Base */ = {isa = PBXFileReference; lastKnownFileType = file.storyboard; name = Base; path = Base.lproj/LaunchScreen.storyboard; sourceTree = "<group>"; };
		8A9FFD1E2344AC620090584B /* Info.plist */ = {isa = PBXFileReference; lastKnownFileType = text.plist.xml; path = Info.plist; sourceTree = "<group>"; };
		8A9FFD1F2344AC620090584B /* main.m */ = {isa = PBXFileReference; lastKnownFileType = sourcecode.c.objc; path = main.m; sourceTree = "<group>"; };
		8A9FFD262344AC750090584B /* IRMusicPlayer.xcodeproj */ = {isa = PBXFileReference; lastKnownFileType = "wrapper.pb-project"; name = IRMusicPlayer.xcodeproj; path = ../IRMusicPlayer.xcodeproj; sourceTree = "<group>"; };
/* End PBXFileReference section */

/* Begin PBXFrameworksBuildPhase section */
		8A9FFD0A2344AC5D0090584B /* Frameworks */ = {
			isa = PBXFrameworksBuildPhase;
			buildActionMask = 2147483647;
			files = (
				4AF1F95125A3187900C15752 /* Pods_demo.framework in Frameworks */,
			);
			runOnlyForDeploymentPostprocessing = 0;
		};
/* End PBXFrameworksBuildPhase section */

/* Begin PBXGroup section */
		07AB67EAEEA2DF8ED85CBEA8 /* Frameworks */ = {
			isa = PBXGroup;
			children = (
				4A51E1E625A3111A00664B49 /* IRMusicPlayer.framework */,
				4A51E1E225A3110500664B49 /* IRMusicPlayer.framework */,
				1CC442FBD2956291FA4851DB /* Pods_demo.framework */,
			);
			name = Frameworks;
			sourceTree = "<group>";
		};
		13C831BFD7FEF013223C3E87 /* Pods */ = {
			isa = PBXGroup;
			children = (
				49B4CBC97530C9EEE83EAC18 /* Pods-demo.debug.xcconfig */,
				4BA377962EF479F5852CA542 /* Pods-demo.release.xcconfig */,
			);
			path = Pods;
			sourceTree = "<group>";
		};
		8A9FFD042344AC5D0090584B = {
			isa = PBXGroup;
			children = (
				8A9FFD262344AC750090584B /* IRMusicPlayer.xcodeproj */,
				8A9FFD0F2344AC5D0090584B /* demo */,
				8A9FFD0E2344AC5D0090584B /* Products */,
				13C831BFD7FEF013223C3E87 /* Pods */,
				07AB67EAEEA2DF8ED85CBEA8 /* Frameworks */,
			);
			sourceTree = "<group>";
		};
		8A9FFD0E2344AC5D0090584B /* Products */ = {
			isa = PBXGroup;
			children = (
				8A9FFD0D2344AC5D0090584B /* demo.app */,
			);
			name = Products;
			sourceTree = "<group>";
		};
		8A9FFD0F2344AC5D0090584B /* demo */ = {
			isa = PBXGroup;
			children = (
				8A35DB32236BFD1400C6C86B /* 1.mp3 */,
				8A390ECA237505B100B2B168 /* 2.mp3 */,
				8A390EC8237505B000B2B168 /* 3.mp3 */,
				8A9FFD102344AC5D0090584B /* AppDelegate.h */,
				8A9FFD112344AC5D0090584B /* AppDelegate.m */,
				8A9FFD132344AC5D0090584B /* ViewController.h */,
				8A9FFD142344AC5D0090584B /* ViewController.m */,
				8A9FFD162344AC5D0090584B /* Main.storyboard */,
				8A9FFD1B2344AC620090584B /* LaunchScreen.storyboard */,
				8A9FFD1E2344AC620090584B /* Info.plist */,
				8A9FFD1F2344AC620090584B /* main.m */,
			);
			path = demo;
			sourceTree = "<group>";
		};
		8A9FFD272344AC750090584B /* Products */ = {
			isa = PBXGroup;
			children = (
				8A9FFD2B2344AC760090584B /* IRMusicPlayer.framework */,
			);
			name = Products;
			sourceTree = "<group>";
		};
/* End PBXGroup section */

/* Begin PBXNativeTarget section */
		8A9FFD0C2344AC5D0090584B /* demo */ = {
			isa = PBXNativeTarget;
			buildConfigurationList = 8A9FFD232344AC620090584B /* Build configuration list for PBXNativeTarget "demo" */;
			buildPhases = (
				BDAA5E91FC9806C4A478FACE /* [CP] Check Pods Manifest.lock */,
				8A9FFD092344AC5D0090584B /* Sources */,
				8A9FFD0A2344AC5D0090584B /* Frameworks */,
				8A9FFD0B2344AC5D0090584B /* Resources */,
				4AF1F95325A3187900C15752 /* Embed Frameworks */,
				416D5F502CDEDF6D4282FEC0 /* [CP] Embed Pods Frameworks */,
			);
			buildRules = (
			);
			dependencies = (
			);
			name = demo;
			productName = demo;
			productReference = 8A9FFD0D2344AC5D0090584B /* demo.app */;
			productType = "com.apple.product-type.application";
		};
/* End PBXNativeTarget section */

/* Begin PBXProject section */
		8A9FFD052344AC5D0090584B /* Project object */ = {
			isa = PBXProject;
			attributes = {
				LastUpgradeCheck = 1020;
				ORGANIZATIONNAME = Phil;
				TargetAttributes = {
					8A9FFD0C2344AC5D0090584B = {
						CreatedOnToolsVersion = 10.2.1;
					};
				};
			};
			buildConfigurationList = 8A9FFD082344AC5D0090584B /* Build configuration list for PBXProject "demo" */;
			compatibilityVersion = "Xcode 9.3";
			developmentRegion = en;
			hasScannedForEncodings = 0;
			knownRegions = (
				en,
				Base,
			);
			mainGroup = 8A9FFD042344AC5D0090584B;
			productRefGroup = 8A9FFD0E2344AC5D0090584B /* Products */;
			projectDirPath = "";
			projectReferences = (
				{
					ProductGroup = 8A9FFD272344AC750090584B /* Products */;
					ProjectRef = 8A9FFD262344AC750090584B /* IRMusicPlayer.xcodeproj */;
				},
			);
			projectRoot = "";
			targets = (
				8A9FFD0C2344AC5D0090584B /* demo */,
			);
		};
/* End PBXProject section */

/* Begin PBXReferenceProxy section */
		8A9FFD2B2344AC760090584B /* IRMusicPlayer.framework */ = {
			isa = PBXReferenceProxy;
			fileType = wrapper.framework;
			path = IRMusicPlayer.framework;
			remoteRef = 8A9FFD2A2344AC760090584B /* PBXContainerItemProxy */;
			sourceTree = BUILT_PRODUCTS_DIR;
		};
/* End PBXReferenceProxy section */

/* Begin PBXResourcesBuildPhase section */
		8A9FFD0B2344AC5D0090584B /* Resources */ = {
			isa = PBXResourcesBuildPhase;
			buildActionMask = 2147483647;
			files = (
				8A9FFD1D2344AC620090584B /* LaunchScreen.storyboard in Resources */,
				8A9FFD182344AC5D0090584B /* Main.storyboard in Resources */,
				8A390ECC237505B100B2B168 /* 2.mp3 in Resources */,
				8A390ECB237505B100B2B168 /* 3.mp3 in Resources */,
				8A35DB35236BFD1600C6C86B /* 1.mp3 in Resources */,
			);
			runOnlyForDeploymentPostprocessing = 0;
		};
/* End PBXResourcesBuildPhase section */

/* Begin PBXShellScriptBuildPhase section */
		416D5F502CDEDF6D4282FEC0 /* [CP] Embed Pods Frameworks */ = {
			isa = PBXShellScriptBuildPhase;
			buildActionMask = 2147483647;
			files = (
			);
			inputFileListPaths = (
				"${PODS_ROOT}/Target Support Files/Pods-demo/Pods-demo-frameworks-${CONFIGURATION}-input-files.xcfilelist",
			);
			name = "[CP] Embed Pods Frameworks";
			outputFileListPaths = (
				"${PODS_ROOT}/Target Support Files/Pods-demo/Pods-demo-frameworks-${CONFIGURATION}-output-files.xcfilelist",
			);
			runOnlyForDeploymentPostprocessing = 0;
			shellPath = /bin/sh;
			shellScript = "\"${PODS_ROOT}/Target Support Files/Pods-demo/Pods-demo-frameworks.sh\"\n";
			showEnvVarsInLog = 0;
		};
		BDAA5E91FC9806C4A478FACE /* [CP] Check Pods Manifest.lock */ = {
			isa = PBXShellScriptBuildPhase;
			buildActionMask = 2147483647;
			files = (
			);
			inputFileListPaths = (
			);
			inputPaths = (
				"${PODS_PODFILE_DIR_PATH}/Podfile.lock",
				"${PODS_ROOT}/Manifest.lock",
			);
			name = "[CP] Check Pods Manifest.lock";
			outputFileListPaths = (
			);
			outputPaths = (
				"$(DERIVED_FILE_DIR)/Pods-demo-checkManifestLockResult.txt",
			);
			runOnlyForDeploymentPostprocessing = 0;
			shellPath = /bin/sh;
			shellScript = "diff \"${PODS_PODFILE_DIR_PATH}/Podfile.lock\" \"${PODS_ROOT}/Manifest.lock\" > /dev/null\nif [ $? != 0 ] ; then\n    # print error to STDERR\n    echo \"error: The sandbox is not in sync with the Podfile.lock. Run 'pod install' or update your CocoaPods installation.\" >&2\n    exit 1\nfi\n# This output is used by Xcode 'outputs' to avoid re-running this script phase.\necho \"SUCCESS\" > \"${SCRIPT_OUTPUT_FILE_0}\"\n";
			showEnvVarsInLog = 0;
		};
/* End PBXShellScriptBuildPhase section */

/* Begin PBXSourcesBuildPhase section */
		8A9FFD092344AC5D0090584B /* Sources */ = {
			isa = PBXSourcesBuildPhase;
			buildActionMask = 2147483647;
			files = (
				8A9FFD152344AC5D0090584B /* ViewController.m in Sources */,
				8A9FFD202344AC620090584B /* main.m in Sources */,
				8A9FFD122344AC5D0090584B /* AppDelegate.m in Sources */,
			);
			runOnlyForDeploymentPostprocessing = 0;
		};
/* End PBXSourcesBuildPhase section */

/* Begin PBXVariantGroup section */
		8A9FFD162344AC5D0090584B /* Main.storyboard */ = {
			isa = PBXVariantGroup;
			children = (
				8A9FFD172344AC5D0090584B /* Base */,
			);
			name = Main.storyboard;
			sourceTree = "<group>";
		};
		8A9FFD1B2344AC620090584B /* LaunchScreen.storyboard */ = {
			isa = PBXVariantGroup;
			children = (
				8A9FFD1C2344AC620090584B /* Base */,
			);
			name = LaunchScreen.storyboard;
			sourceTree = "<group>";
		};
/* End PBXVariantGroup section */

/* Begin XCBuildConfiguration section */
		8A9FFD212344AC620090584B /* Debug */ = {
			isa = XCBuildConfiguration;
			buildSettings = {
				ALWAYS_SEARCH_USER_PATHS = NO;
				CLANG_ANALYZER_NONNULL = YES;
				CLANG_ANALYZER_NUMBER_OBJECT_CONVERSION = YES_AGGRESSIVE;
				CLANG_CXX_LANGUAGE_STANDARD = "gnu++14";
				CLANG_CXX_LIBRARY = "libc++";
				CLANG_ENABLE_MODULES = YES;
				CLANG_ENABLE_OBJC_ARC = YES;
				CLANG_ENABLE_OBJC_WEAK = YES;
				CLANG_WARN_BLOCK_CAPTURE_AUTORELEASING = YES;
				CLANG_WARN_BOOL_CONVERSION = YES;
				CLANG_WARN_COMMA = YES;
				CLANG_WARN_CONSTANT_CONVERSION = YES;
				CLANG_WARN_DEPRECATED_OBJC_IMPLEMENTATIONS = YES;
				CLANG_WARN_DIRECT_OBJC_ISA_USAGE = YES_ERROR;
				CLANG_WARN_DOCUMENTATION_COMMENTS = YES;
				CLANG_WARN_EMPTY_BODY = YES;
				CLANG_WARN_ENUM_CONVERSION = YES;
				CLANG_WARN_INFINITE_RECURSION = YES;
				CLANG_WARN_INT_CONVERSION = YES;
				CLANG_WARN_NON_LITERAL_NULL_CONVERSION = YES;
				CLANG_WARN_OBJC_IMPLICIT_RETAIN_SELF = YES;
				CLANG_WARN_OBJC_LITERAL_CONVERSION = YES;
				CLANG_WARN_OBJC_ROOT_CLASS = YES_ERROR;
				CLANG_WARN_RANGE_LOOP_ANALYSIS = YES;
				CLANG_WARN_STRICT_PROTOTYPES = YES;
				CLANG_WARN_SUSPICIOUS_MOVE = YES;
				CLANG_WARN_UNGUARDED_AVAILABILITY = YES_AGGRESSIVE;
				CLANG_WARN_UNREACHABLE_CODE = YES;
				CLANG_WARN__DUPLICATE_METHOD_MATCH = YES;
				CODE_SIGN_IDENTITY = "iPhone Developer";
				COPY_PHASE_STRIP = NO;
				DEBUG_INFORMATION_FORMAT = dwarf;
				ENABLE_STRICT_OBJC_MSGSEND = YES;
				ENABLE_TESTABILITY = YES;
				GCC_C_LANGUAGE_STANDARD = gnu11;
				GCC_DYNAMIC_NO_PIC = NO;
				GCC_NO_COMMON_BLOCKS = YES;
				GCC_OPTIMIZATION_LEVEL = 0;
				GCC_PREPROCESSOR_DEFINITIONS = (
					"DEBUG=1",
					"$(inherited)",
				);
				GCC_WARN_64_TO_32_BIT_CONVERSION = YES;
				GCC_WARN_ABOUT_RETURN_TYPE = YES_ERROR;
				GCC_WARN_UNDECLARED_SELECTOR = YES;
				GCC_WARN_UNINITIALIZED_AUTOS = YES_AGGRESSIVE;
				GCC_WARN_UNUSED_FUNCTION = YES;
				GCC_WARN_UNUSED_VARIABLE = YES;
				IPHONEOS_DEPLOYMENT_TARGET = 11.0;
				MTL_ENABLE_DEBUG_INFO = INCLUDE_SOURCE;
				MTL_FAST_MATH = YES;
				ONLY_ACTIVE_ARCH = YES;
				SDKROOT = iphoneos;
			};
			name = Debug;
		};
		8A9FFD222344AC620090584B /* Release */ = {
			isa = XCBuildConfiguration;
			buildSettings = {
				ALWAYS_SEARCH_USER_PATHS = NO;
				CLANG_ANALYZER_NONNULL = YES;
				CLANG_ANALYZER_NUMBER_OBJECT_CONVERSION = YES_AGGRESSIVE;
				CLANG_CXX_LANGUAGE_STANDARD = "gnu++14";
				CLANG_CXX_LIBRARY = "libc++";
				CLANG_ENABLE_MODULES = YES;
				CLANG_ENABLE_OBJC_ARC = YES;
				CLANG_ENABLE_OBJC_WEAK = YES;
				CLANG_WARN_BLOCK_CAPTURE_AUTORELEASING = YES;
				CLANG_WARN_BOOL_CONVERSION = YES;
				CLANG_WARN_COMMA = YES;
				CLANG_WARN_CONSTANT_CONVERSION = YES;
				CLANG_WARN_DEPRECATED_OBJC_IMPLEMENTATIONS = YES;
				CLANG_WARN_DIRECT_OBJC_ISA_USAGE = YES_ERROR;
				CLANG_WARN_DOCUMENTATION_COMMENTS = YES;
				CLANG_WARN_EMPTY_BODY = YES;
				CLANG_WARN_ENUM_CONVERSION = YES;
				CLANG_WARN_INFINITE_RECURSION = YES;
				CLANG_WARN_INT_CONVERSION = YES;
				CLANG_WARN_NON_LITERAL_NULL_CONVERSION = YES;
				CLANG_WARN_OBJC_IMPLICIT_RETAIN_SELF = YES;
				CLANG_WARN_OBJC_LITERAL_CONVERSION = YES;
				CLANG_WARN_OBJC_ROOT_CLASS = YES_ERROR;
				CLANG_WARN_RANGE_LOOP_ANALYSIS = YES;
				CLANG_WARN_STRICT_PROTOTYPES = YES;
				CLANG_WARN_SUSPICIOUS_MOVE = YES;
				CLANG_WARN_UNGUARDED_AVAILABILITY = YES_AGGRESSIVE;
				CLANG_WARN_UNREACHABLE_CODE = YES;
				CLANG_WARN__DUPLICATE_METHOD_MATCH = YES;
				CODE_SIGN_IDENTITY = "iPhone Developer";
				COPY_PHASE_STRIP = NO;
				DEBUG_INFORMATION_FORMAT = "dwarf-with-dsym";
				ENABLE_NS_ASSERTIONS = NO;
				ENABLE_STRICT_OBJC_MSGSEND = YES;
				GCC_C_LANGUAGE_STANDARD = gnu11;
				GCC_NO_COMMON_BLOCKS = YES;
				GCC_WARN_64_TO_32_BIT_CONVERSION = YES;
				GCC_WARN_ABOUT_RETURN_TYPE = YES_ERROR;
				GCC_WARN_UNDECLARED_SELECTOR = YES;
				GCC_WARN_UNINITIALIZED_AUTOS = YES_AGGRESSIVE;
				GCC_WARN_UNUSED_FUNCTION = YES;
				GCC_WARN_UNUSED_VARIABLE = YES;
				IPHONEOS_DEPLOYMENT_TARGET = 11.0;
				MTL_ENABLE_DEBUG_INFO = NO;
				MTL_FAST_MATH = YES;
				SDKROOT = iphoneos;
				VALIDATE_PRODUCT = YES;
			};
			name = Release;
		};
		8A9FFD242344AC620090584B /* Debug */ = {
			isa = XCBuildConfiguration;
			baseConfigurationReference = 49B4CBC97530C9EEE83EAC18 /* Pods-demo.debug.xcconfig */;
			buildSettings = {
				ASSETCATALOG_COMPILER_APPICON_NAME = AppIcon;
				CODE_SIGN_STYLE = Automatic;
				DEVELOPMENT_TEAM = T6VV6T753H;
				INFOPLIST_FILE = demo/Info.plist;
				LD_RUNPATH_SEARCH_PATHS = (
					"$(inherited)",
					"@executable_path/Frameworks",
				);
				PRODUCT_BUNDLE_IDENTIFIER = irons163.demo;
				PRODUCT_NAME = "$(TARGET_NAME)";
				TARGETED_DEVICE_FAMILY = "1,2";
			};
			name = Debug;
		};
		8A9FFD252344AC620090584B /* Release */ = {
			isa = XCBuildConfiguration;
			baseConfigurationReference = 4BA377962EF479F5852CA542 /* Pods-demo.release.xcconfig */;
			buildSettings = {
				ASSETCATALOG_COMPILER_APPICON_NAME = AppIcon;
				CODE_SIGN_STYLE = Automatic;
				DEVELOPMENT_TEAM = T6VV6T753H;
				INFOPLIST_FILE = demo/Info.plist;
				LD_RUNPATH_SEARCH_PATHS = (
					"$(inherited)",
					"@executable_path/Frameworks",
				);
				PRODUCT_BUNDLE_IDENTIFIER = irons163.demo;
				PRODUCT_NAME = "$(TARGET_NAME)";
				TARGETED_DEVICE_FAMILY = "1,2";
			};
			name = Release;
		};
/* End XCBuildConfiguration section */

/* Begin XCConfigurationList section */
		8A9FFD082344AC5D0090584B /* Build configuration list for PBXProject "demo" */ = {
			isa = XCConfigurationList;
			buildConfigurations = (
				8A9FFD212344AC620090584B /* Debug */,
				8A9FFD222344AC620090584B /* Release */,
			);
			defaultConfigurationIsVisible = 0;
			defaultConfigurationName = Release;
		};
		8A9FFD232344AC620090584B /* Build configuration list for PBXNativeTarget "demo" */ = {
			isa = XCConfigurationList;
			buildConfigurations = (
				8A9FFD242344AC620090584B /* Debug */,
				8A9FFD252344AC620090584B /* Release */,
			);
			defaultConfigurationIsVisible = 0;
			defaultConfigurationName = Release;
		};
/* End XCConfigurationList section */
	};
	rootObject = 8A9FFD052344AC5D0090584B /* Project object */;
}
